
Microsoft Visual Studio Solution File, Format Version 12.00
# Visual Studio 15
VisualStudioVersion = 15.0.27703.2035
MinimumVisualStudioVersion = 10.0.40219.1
Project("{9A19103F-16F7-4668-BE54-9A1E7A4F7556}") = "Xamarin.Forms.Core", "Xamarin.Forms.Core\Xamarin.Forms.Core.csproj", "{0A64A6A4-77F9-40C1-92ED-FC64700F1D3A}"
EndProject
Project("{9A19103F-16F7-4668-BE54-9A1E7A4F7556}") = "Xamarin.Forms.Platform", "Xamarin.Forms.Platform\Xamarin.Forms.Platform.csproj", "{E6F6664C-5DD6-45DD-8AD7-A86540607305}"
EndProject
Project("{9A19103F-16F7-4668-BE54-9A1E7A4F7556}") = "Xamarin.Forms.Xaml", "Xamarin.Forms.Xaml\Xamarin.Forms.Xaml.csproj", "{0F9D32E9-4010-4A48-9F5E-C6ECC79E20A1}"
EndProject
Project("{FAE04EC0-301F-11D3-BF4B-00C04F79EFBC}") = "Xamarin.Forms.Platform.iOS", "Xamarin.Forms.Platform.iOS\Xamarin.Forms.Platform.iOS.csproj", "{271193C1-6E7C-429C-A36D-3F1BE5267231}"
EndProject
Project("{FAE04EC0-301F-11D3-BF4B-00C04F79EFBC}") = "App2.iOS", "App2.iOS\App2.iOS.csproj", "{098A0715-91E7-41C7-85D1-D794665291EF}"
EndProject
Project("{9A19103F-16F7-4668-BE54-9A1E7A4F7556}") = "App2", "App2\App2.csproj", "{BEE5B0E9-898B-46F0-9B2B-4CEF468E86AE}"
EndProject
Project("{D954291E-2A0B-460D-934E-DC6B0785DB48}") = "Xamarin.Flex", "Xamarin.Flex\Xamarin.Flex.shproj", "{A6703C7D-D362-452A-A7A5-73771194D38C}"
EndProject
Project("{9A19103F-16F7-4668-BE54-9A1E7A4F7556}") = "ClassLibrary1", "ClassLibrary1\ClassLibrary1.csproj", "{D2878A68-AA50-491A-9C01-189B1CDED510}"
EndProject
Global
	GlobalSection(SharedMSBuildProjectFiles) = preSolution
		Xamarin.Flex\Xamarin.Flex.projitems*{a6703c7d-d362-452a-a7a5-73771194d38c}*SharedItemsImports = 13
	EndGlobalSection
	GlobalSection(SolutionConfigurationPlatforms) = preSolution
		Ad-Hoc|Any CPU = Ad-Hoc|Any CPU
		Ad-Hoc|iPhone = Ad-Hoc|iPhone
		Ad-Hoc|iPhoneSimulator = Ad-Hoc|iPhoneSimulator
		AppStore|Any CPU = AppStore|Any CPU
		AppStore|iPhone = AppStore|iPhone
		AppStore|iPhoneSimulator = AppStore|iPhoneSimulator
		Debug|Any CPU = Debug|Any CPU
		Debug|iPhone = Debug|iPhone
		Debug|iPhoneSimulator = Debug|iPhoneSimulator
		Release|Any CPU = Release|Any CPU
		Release|iPhone = Release|iPhone
		Release|iPhoneSimulator = Release|iPhoneSimulator
	EndGlobalSection
	GlobalSection(ProjectConfigurationPlatforms) = postSolution
		{0A64A6A4-77F9-40C1-92ED-FC64700F1D3A}.Ad-Hoc|Any CPU.ActiveCfg = Debug|Any CPU
		{0A64A6A4-77F9-40C1-92ED-FC64700F1D3A}.Ad-Hoc|Any CPU.Build.0 = Debug|Any CPU
		{0A64A6A4-77F9-40C1-92ED-FC64700F1D3A}.Ad-Hoc|iPhone.ActiveCfg = Debug|Any CPU
		{0A64A6A4-77F9-40C1-92ED-FC64700F1D3A}.Ad-Hoc|iPhone.Build.0 = Debug|Any CPU
		{0A64A6A4-77F9-40C1-92ED-FC64700F1D3A}.Ad-Hoc|iPhoneSimulator.ActiveCfg = Debug|Any CPU
		{0A64A6A4-77F9-40C1-92ED-FC64700F1D3A}.Ad-Hoc|iPhoneSimulator.Build.0 = Debug|Any CPU
		{0A64A6A4-77F9-40C1-92ED-FC64700F1D3A}.AppStore|Any CPU.ActiveCfg = Debug|Any CPU
		{0A64A6A4-77F9-40C1-92ED-FC64700F1D3A}.AppStore|Any CPU.Build.0 = Debug|Any CPU
		{0A64A6A4-77F9-40C1-92ED-FC64700F1D3A}.AppStore|iPhone.ActiveCfg = Debug|Any CPU
		{0A64A6A4-77F9-40C1-92ED-FC64700F1D3A}.AppStore|iPhone.Build.0 = Debug|Any CPU
		{0A64A6A4-77F9-40C1-92ED-FC64700F1D3A}.AppStore|iPhoneSimulator.ActiveCfg = Debug|Any CPU
		{0A64A6A4-77F9-40C1-92ED-FC64700F1D3A}.AppStore|iPhoneSimulator.Build.0 = Debug|Any CPU
		{0A64A6A4-77F9-40C1-92ED-FC64700F1D3A}.Debug|Any CPU.ActiveCfg = Debug|Any CPU
		{0A64A6A4-77F9-40C1-92ED-FC64700F1D3A}.Debug|Any CPU.Build.0 = Debug|Any CPU
		{0A64A6A4-77F9-40C1-92ED-FC64700F1D3A}.Debug|iPhone.ActiveCfg = Debug|Any CPU
		{0A64A6A4-77F9-40C1-92ED-FC64700F1D3A}.Debug|iPhone.Build.0 = Debug|Any CPU
		{0A64A6A4-77F9-40C1-92ED-FC64700F1D3A}.Debug|iPhoneSimulator.ActiveCfg = Debug|Any CPU
		{0A64A6A4-77F9-40C1-92ED-FC64700F1D3A}.Debug|iPhoneSimulator.Build.0 = Debug|Any CPU
		{0A64A6A4-77F9-40C1-92ED-FC64700F1D3A}.Release|Any CPU.ActiveCfg = Release|Any CPU
		{0A64A6A4-77F9-40C1-92ED-FC64700F1D3A}.Release|Any CPU.Build.0 = Release|Any CPU
		{0A64A6A4-77F9-40C1-92ED-FC64700F1D3A}.Release|iPhone.ActiveCfg = Release|Any CPU
		{0A64A6A4-77F9-40C1-92ED-FC64700F1D3A}.Release|iPhone.Build.0 = Release|Any CPU
		{0A64A6A4-77F9-40C1-92ED-FC64700F1D3A}.Release|iPhoneSimulator.ActiveCfg = Release|Any CPU
		{0A64A6A4-77F9-40C1-92ED-FC64700F1D3A}.Release|iPhoneSimulator.Build.0 = Release|Any CPU
		{E6F6664C-5DD6-45DD-8AD7-A86540607305}.Ad-Hoc|Any CPU.ActiveCfg = Debug|Any CPU
		{E6F6664C-5DD6-45DD-8AD7-A86540607305}.Ad-Hoc|Any CPU.Build.0 = Debug|Any CPU
		{E6F6664C-5DD6-45DD-8AD7-A86540607305}.Ad-Hoc|iPhone.ActiveCfg = Debug|Any CPU
		{E6F6664C-5DD6-45DD-8AD7-A86540607305}.Ad-Hoc|iPhone.Build.0 = Debug|Any CPU
		{E6F6664C-5DD6-45DD-8AD7-A86540607305}.Ad-Hoc|iPhoneSimulator.ActiveCfg = Debug|Any CPU
		{E6F6664C-5DD6-45DD-8AD7-A86540607305}.Ad-Hoc|iPhoneSimulator.Build.0 = Debug|Any CPU
		{E6F6664C-5DD6-45DD-8AD7-A86540607305}.AppStore|Any CPU.ActiveCfg = Debug|Any CPU
		{E6F6664C-5DD6-45DD-8AD7-A86540607305}.AppStore|Any CPU.Build.0 = Debug|Any CPU
		{E6F6664C-5DD6-45DD-8AD7-A86540607305}.AppStore|iPhone.ActiveCfg = Debug|Any CPU
		{E6F6664C-5DD6-45DD-8AD7-A86540607305}.AppStore|iPhone.Build.0 = Debug|Any CPU
		{E6F6664C-5DD6-45DD-8AD7-A86540607305}.AppStore|iPhoneSimulator.ActiveCfg = Debug|Any CPU
		{E6F6664C-5DD6-45DD-8AD7-A86540607305}.AppStore|iPhoneSimulator.Build.0 = Debug|Any CPU
		{E6F6664C-5DD6-45DD-8AD7-A86540607305}.Debug|Any CPU.ActiveCfg = Debug|Any CPU
		{E6F6664C-5DD6-45DD-8AD7-A86540607305}.Debug|Any CPU.Build.0 = Debug|Any CPU
		{E6F6664C-5DD6-45DD-8AD7-A86540607305}.Debug|iPhone.ActiveCfg = Debug|Any CPU
		{E6F6664C-5DD6-45DD-8AD7-A86540607305}.Debug|iPhone.Build.0 = Debug|Any CPU
		{E6F6664C-5DD6-45DD-8AD7-A86540607305}.Debug|iPhoneSimulator.ActiveCfg = Debug|Any CPU
		{E6F6664C-5DD6-45DD-8AD7-A86540607305}.Debug|iPhoneSimulator.Build.0 = Debug|Any CPU
		{E6F6664C-5DD6-45DD-8AD7-A86540607305}.Release|Any CPU.ActiveCfg = Release|Any CPU
		{E6F6664C-5DD6-45DD-8AD7-A86540607305}.Release|Any CPU.Build.0 = Release|Any CPU
		{E6F6664C-5DD6-45DD-8AD7-A86540607305}.Release|iPhone.ActiveCfg = Release|Any CPU
		{E6F6664C-5DD6-45DD-8AD7-A86540607305}.Release|iPhone.Build.0 = Release|Any CPU
		{E6F6664C-5DD6-45DD-8AD7-A86540607305}.Release|iPhoneSimulator.ActiveCfg = Release|Any CPU
		{E6F6664C-5DD6-45DD-8AD7-A86540607305}.Release|iPhoneSimulator.Build.0 = Release|Any CPU
		{0F9D32E9-4010-4A48-9F5E-C6ECC79E20A1}.Ad-Hoc|Any CPU.ActiveCfg = Debug|Any CPU
		{0F9D32E9-4010-4A48-9F5E-C6ECC79E20A1}.Ad-Hoc|Any CPU.Build.0 = Debug|Any CPU
		{0F9D32E9-4010-4A48-9F5E-C6ECC79E20A1}.Ad-Hoc|iPhone.ActiveCfg = Debug|Any CPU
		{0F9D32E9-4010-4A48-9F5E-C6ECC79E20A1}.Ad-Hoc|iPhone.Build.0 = Debug|Any CPU
		{0F9D32E9-4010-4A48-9F5E-C6ECC79E20A1}.Ad-Hoc|iPhoneSimulator.ActiveCfg = Debug|Any CPU
		{0F9D32E9-4010-4A48-9F5E-C6ECC79E20A1}.Ad-Hoc|iPhoneSimulator.Build.0 = Debug|Any CPU
		{0F9D32E9-4010-4A48-9F5E-C6ECC79E20A1}.AppStore|Any CPU.ActiveCfg = Debug|Any CPU
		{0F9D32E9-4010-4A48-9F5E-C6ECC79E20A1}.AppStore|Any CPU.Build.0 = Debug|Any CPU
		{0F9D32E9-4010-4A48-9F5E-C6ECC79E20A1}.AppStore|iPhone.ActiveCfg = Debug|Any CPU
		{0F9D32E9-4010-4A48-9F5E-C6ECC79E20A1}.AppStore|iPhone.Build.0 = Debug|Any CPU
		{0F9D32E9-4010-4A48-9F5E-C6ECC79E20A1}.AppStore|iPhoneSimulator.ActiveCfg = Debug|Any CPU
		{0F9D32E9-4010-4A48-9F5E-C6ECC79E20A1}.AppStore|iPhoneSimulator.Build.0 = Debug|Any CPU
		{0F9D32E9-4010-4A48-9F5E-C6ECC79E20A1}.Debug|Any CPU.ActiveCfg = Debug|Any CPU
		{0F9D32E9-4010-4A48-9F5E-C6ECC79E20A1}.Debug|Any CPU.Build.0 = Debug|Any CPU
		{0F9D32E9-4010-4A48-9F5E-C6ECC79E20A1}.Debug|iPhone.ActiveCfg = Debug|Any CPU
		{0F9D32E9-4010-4A48-9F5E-C6ECC79E20A1}.Debug|iPhone.Build.0 = Debug|Any CPU
		{0F9D32E9-4010-4A48-9F5E-C6ECC79E20A1}.Debug|iPhoneSimulator.ActiveCfg = Debug|Any CPU
		{0F9D32E9-4010-4A48-9F5E-C6ECC79E20A1}.Debug|iPhoneSimulator.Build.0 = Debug|Any CPU
		{0F9D32E9-4010-4A48-9F5E-C6ECC79E20A1}.Release|Any CPU.ActiveCfg = Release|Any CPU
		{0F9D32E9-4010-4A48-9F5E-C6ECC79E20A1}.Release|Any CPU.Build.0 = Release|Any CPU
		{0F9D32E9-4010-4A48-9F5E-C6ECC79E20A1}.Release|iPhone.ActiveCfg = Release|Any CPU
		{0F9D32E9-4010-4A48-9F5E-C6ECC79E20A1}.Release|iPhone.Build.0 = Release|Any CPU
		{0F9D32E9-4010-4A48-9F5E-C6ECC79E20A1}.Release|iPhoneSimulator.ActiveCfg = Release|Any CPU
		{0F9D32E9-4010-4A48-9F5E-C6ECC79E20A1}.Release|iPhoneSimulator.Build.0 = Release|Any CPU
		{271193C1-6E7C-429C-A36D-3F1BE5267231}.Ad-Hoc|Any CPU.ActiveCfg = Release|Any CPU
		{271193C1-6E7C-429C-A36D-3F1BE5267231}.Ad-Hoc|Any CPU.Build.0 = Release|Any CPU
		{271193C1-6E7C-429C-A36D-3F1BE5267231}.Ad-Hoc|iPhone.ActiveCfg = Release|Any CPU
		{271193C1-6E7C-429C-A36D-3F1BE5267231}.Ad-Hoc|iPhone.Build.0 = Release|Any CPU
		{271193C1-6E7C-429C-A36D-3F1BE5267231}.Ad-Hoc|iPhoneSimulator.ActiveCfg = Release|Any CPU
		{271193C1-6E7C-429C-A36D-3F1BE5267231}.Ad-Hoc|iPhoneSimulator.Build.0 = Release|Any CPU
		{271193C1-6E7C-429C-A36D-3F1BE5267231}.AppStore|Any CPU.ActiveCfg = Release|Any CPU
		{271193C1-6E7C-429C-A36D-3F1BE5267231}.AppStore|Any CPU.Build.0 = Release|Any CPU
		{271193C1-6E7C-429C-A36D-3F1BE5267231}.AppStore|iPhone.ActiveCfg = Release|Any CPU
		{271193C1-6E7C-429C-A36D-3F1BE5267231}.AppStore|iPhone.Build.0 = Release|Any CPU
		{271193C1-6E7C-429C-A36D-3F1BE5267231}.AppStore|iPhoneSimulator.ActiveCfg = Release|Any CPU
		{271193C1-6E7C-429C-A36D-3F1BE5267231}.AppStore|iPhoneSimulator.Build.0 = Release|Any CPU
		{271193C1-6E7C-429C-A36D-3F1BE5267231}.Debug|Any CPU.ActiveCfg = Debug|Any CPU
		{271193C1-6E7C-429C-A36D-3F1BE5267231}.Debug|Any CPU.Build.0 = Debug|Any CPU
		{271193C1-6E7C-429C-A36D-3F1BE5267231}.Debug|iPhone.ActiveCfg = Debug|Any CPU
		{271193C1-6E7C-429C-A36D-3F1BE5267231}.Debug|iPhone.Build.0 = Debug|Any CPU
		{271193C1-6E7C-429C-A36D-3F1BE5267231}.Debug|iPhoneSimulator.ActiveCfg = Debug|Any CPU
		{271193C1-6E7C-429C-A36D-3F1BE5267231}.Debug|iPhoneSimulator.Build.0 = Debug|Any CPU
		{271193C1-6E7C-429C-A36D-3F1BE5267231}.Release|Any CPU.ActiveCfg = Release|Any CPU
		{271193C1-6E7C-429C-A36D-3F1BE5267231}.Release|Any CPU.Build.0 = Release|Any CPU
		{271193C1-6E7C-429C-A36D-3F1BE5267231}.Release|iPhone.ActiveCfg = Release|Any CPU
		{271193C1-6E7C-429C-A36D-3F1BE5267231}.Release|iPhone.Build.0 = Release|Any CPU
		{271193C1-6E7C-429C-A36D-3F1BE5267231}.Release|iPhoneSimulator.ActiveCfg = Release|Any CPU
		{271193C1-6E7C-429C-A36D-3F1BE5267231}.Release|iPhoneSimulator.Build.0 = Release|Any CPU
		{098A0715-91E7-41C7-85D1-D794665291EF}.Ad-Hoc|Any CPU.ActiveCfg = Ad-Hoc|iPhone
		{098A0715-91E7-41C7-85D1-D794665291EF}.Ad-Hoc|iPhone.ActiveCfg = Ad-Hoc|iPhone
		{098A0715-91E7-41C7-85D1-D794665291EF}.Ad-Hoc|iPhone.Build.0 = Ad-Hoc|iPhone
		{098A0715-91E7-41C7-85D1-D794665291EF}.Ad-Hoc|iPhoneSimulator.ActiveCfg = Ad-Hoc|iPhoneSimulator
		{098A0715-91E7-41C7-85D1-D794665291EF}.Ad-Hoc|iPhoneSimulator.Build.0 = Ad-Hoc|iPhoneSimulator
		{098A0715-91E7-41C7-85D1-D794665291EF}.AppStore|Any CPU.ActiveCfg = AppStore|iPhone
		{098A0715-91E7-41C7-85D1-D794665291EF}.AppStore|iPhone.ActiveCfg = AppStore|iPhone
		{098A0715-91E7-41C7-85D1-D794665291EF}.AppStore|iPhone.Build.0 = AppStore|iPhone
		{098A0715-91E7-41C7-85D1-D794665291EF}.AppStore|iPhoneSimulator.ActiveCfg = AppStore|iPhoneSimulator
		{098A0715-91E7-41C7-85D1-D794665291EF}.AppStore|iPhoneSimulator.Build.0 = AppStore|iPhoneSimulator
		{098A0715-91E7-41C7-85D1-D794665291EF}.Debug|Any CPU.ActiveCfg = Debug|iPhone
		{098A0715-91E7-41C7-85D1-D794665291EF}.Debug|iPhone.ActiveCfg = Debug|iPhone
		{098A0715-91E7-41C7-85D1-D794665291EF}.Debug|iPhone.Build.0 = Debug|iPhone
		{098A0715-91E7-41C7-85D1-D794665291EF}.Debug|iPhoneSimulator.ActiveCfg = Debug|iPhoneSimulator
		{098A0715-91E7-41C7-85D1-D794665291EF}.Debug|iPhoneSimulator.Build.0 = Debug|iPhoneSimulator
		{098A0715-91E7-41C7-85D1-D794665291EF}.Release|Any CPU.ActiveCfg = Release|iPhone
		{098A0715-91E7-41C7-85D1-D794665291EF}.Release|iPhone.ActiveCfg = Release|iPhone
		{098A0715-91E7-41C7-85D1-D794665291EF}.Release|iPhone.Build.0 = Release|iPhone
		{098A0715-91E7-41C7-85D1-D794665291EF}.Release|iPhoneSimulator.ActiveCfg = Release|iPhoneSimulator
		{098A0715-91E7-41C7-85D1-D794665291EF}.Release|iPhoneSimulator.Build.0 = Release|iPhoneSimulator
		{BEE5B0E9-898B-46F0-9B2B-4CEF468E86AE}.Ad-Hoc|Any CPU.ActiveCfg = Debug|Any CPU
		{BEE5B0E9-898B-46F0-9B2B-4CEF468E86AE}.Ad-Hoc|Any CPU.Build.0 = Debug|Any CPU
		{BEE5B0E9-898B-46F0-9B2B-4CEF468E86AE}.Ad-Hoc|iPhone.ActiveCfg = Debug|Any CPU
		{BEE5B0E9-898B-46F0-9B2B-4CEF468E86AE}.Ad-Hoc|iPhone.Build.0 = Debug|Any CPU
		{BEE5B0E9-898B-46F0-9B2B-4CEF468E86AE}.Ad-Hoc|iPhoneSimulator.ActiveCfg = Debug|Any CPU
		{BEE5B0E9-898B-46F0-9B2B-4CEF468E86AE}.Ad-Hoc|iPhoneSimulator.Build.0 = Debug|Any CPU
		{BEE5B0E9-898B-46F0-9B2B-4CEF468E86AE}.AppStore|Any CPU.ActiveCfg = Debug|Any CPU
		{BEE5B0E9-898B-46F0-9B2B-4CEF468E86AE}.AppStore|Any CPU.Build.0 = Debug|Any CPU
		{BEE5B0E9-898B-46F0-9B2B-4CEF468E86AE}.AppStore|iPhone.ActiveCfg = Debug|Any CPU
		{BEE5B0E9-898B-46F0-9B2B-4CEF468E86AE}.AppStore|iPhone.Build.0 = Debug|Any CPU
		{BEE5B0E9-898B-46F0-9B2B-4CEF468E86AE}.AppStore|iPhoneSimulator.ActiveCfg = Debug|Any CPU
		{BEE5B0E9-898B-46F0-9B2B-4CEF468E86AE}.AppStore|iPhoneSimulator.Build.0 = Debug|Any CPU
		{BEE5B0E9-898B-46F0-9B2B-4CEF468E86AE}.Debug|Any CPU.ActiveCfg = Debug|Any CPU
		{BEE5B0E9-898B-46F0-9B2B-4CEF468E86AE}.Debug|Any CPU.Build.0 = Debug|Any CPU
		{BEE5B0E9-898B-46F0-9B2B-4CEF468E86AE}.Debug|iPhone.ActiveCfg = Debug|Any CPU
		{BEE5B0E9-898B-46F0-9B2B-4CEF468E86AE}.Debug|iPhone.Build.0 = Debug|Any CPU
		{BEE5B0E9-898B-46F0-9B2B-4CEF468E86AE}.Debug|iPhoneSimulator.ActiveCfg = Debug|Any CPU
		{BEE5B0E9-898B-46F0-9B2B-4CEF468E86AE}.Debug|iPhoneSimulator.Build.0 = Debug|Any CPU
		{BEE5B0E9-898B-46F0-9B2B-4CEF468E86AE}.Release|Any CPU.ActiveCfg = Release|Any CPU
		{BEE5B0E9-898B-46F0-9B2B-4CEF468E86AE}.Release|Any CPU.Build.0 = Release|Any CPU
		{BEE5B0E9-898B-46F0-9B2B-4CEF468E86AE}.Release|iPhone.ActiveCfg = Release|Any CPU
		{BEE5B0E9-898B-46F0-9B2B-4CEF468E86AE}.Release|iPhone.Build.0 = Release|Any CPU
		{BEE5B0E9-898B-46F0-9B2B-4CEF468E86AE}.Release|iPhoneSimulator.ActiveCfg = Release|Any CPU
		{BEE5B0E9-898B-46F0-9B2B-4CEF468E86AE}.Release|iPhoneSimulator.Build.0 = Release|Any CPU
		{D2878A68-AA50-491A-9C01-189B1CDED510}.Ad-Hoc|Any CPU.ActiveCfg = Debug|Any CPU
		{D2878A68-AA50-491A-9C01-189B1CDED510}.Ad-Hoc|Any CPU.Build.0 = Debug|Any CPU
		{D2878A68-AA50-491A-9C01-189B1CDED510}.Ad-Hoc|iPhone.ActiveCfg = Debug|Any CPU
		{D2878A68-AA50-491A-9C01-189B1CDED510}.Ad-Hoc|iPhone.Build.0 = Debug|Any CPU
		{D2878A68-AA50-491A-9C01-189B1CDED510}.Ad-Hoc|iPhoneSimulator.ActiveCfg = Debug|Any CPU
		{D2878A68-AA50-491A-9C01-189B1CDED510}.Ad-Hoc|iPhoneSimulator.Build.0 = Debug|Any CPU
		{D2878A68-AA50-491A-9C01-189B1CDED510}.AppStore|Any CPU.ActiveCfg = Debug|Any CPU
		{D2878A68-AA50-491A-9C01-189B1CDED510}.AppStore|Any CPU.Build.0 = Debug|Any CPU
		{D2878A68-AA50-491A-9C01-189B1CDED510}.AppStore|iPhone.ActiveCfg = Debug|Any CPU
		{D2878A68-AA50-491A-9C01-189B1CDED510}.AppStore|iPhone.Build.0 = Debug|Any CPU
		{D2878A68-AA50-491A-9C01-189B1CDED510}.AppStore|iPhoneSimulator.ActiveCfg = Debug|Any CPU
		{D2878A68-AA50-491A-9C01-189B1CDED510}.AppStore|iPhoneSimulator.Build.0 = Debug|Any CPU
		{D2878A68-AA50-491A-9C01-189B1CDED510}.Debug|Any CPU.ActiveCfg = Debug|Any CPU
		{D2878A68-AA50-491A-9C01-189B1CDED510}.Debug|Any CPU.Build.0 = Debug|Any CPU
		{D2878A68-AA50-491A-9C01-189B1CDED510}.Debug|iPhone.ActiveCfg = Debug|Any CPU
		{D2878A68-AA50-491A-9C01-189B1CDED510}.Debug|iPhone.Build.0 = Debug|Any CPU
		{D2878A68-AA50-491A-9C01-189B1CDED510}.Debug|iPhoneSimulator.ActiveCfg = Debug|Any CPU
		{D2878A68-AA50-491A-9C01-189B1CDED510}.Debug|iPhoneSimulator.Build.0 = Debug|Any CPU
		{D2878A68-AA50-491A-9C01-189B1CDED510}.Release|Any CPU.ActiveCfg = Release|Any CPU
		{D2878A68-AA50-491A-9C01-189B1CDED510}.Release|Any CPU.Build.0 = Release|Any CPU
		{D2878A68-AA50-491A-9C01-189B1CDED510}.Release|iPhone.ActiveCfg = Release|Any CPU
		{D2878A68-AA50-491A-9C01-189B1CDED510}.Release|iPhone.Build.0 = Release|Any CPU
		{D2878A68-AA50-491A-9C01-189B1CDED510}.Release|iPhoneSimulator.ActiveCfg = Release|Any CPU
		{D2878A68-AA50-491A-9C01-189B1CDED510}.Release|iPhoneSimulator.Build.0 = Release|Any CPU
	EndGlobalSection
	GlobalSection(SolutionProperties) = preSolution
		HideSolutionNode = FALSE
	EndGlobalSection
	GlobalSection(ExtensibilityGlobals) = postSolution
		SolutionGuid = {FBDDA851-E629-434A-A400-A0D95C524C67}
	EndGlobalSection
EndGlobal
